
Microsoft Visual Studio Solution File, Format Version 12.00
# Visual Studio Version 17
VisualStudioVersion = 17.0.32014.148
MinimumVisualStudioVersion = 10.0.40219.1
Project("{FAE04EC0-301F-11D3-BF4B-00C04F79EFBC}") = "ConcesionarioVisual2", "ConcesionarioVisual2\ConcesionarioVisual2.csproj", "{C14F83AE-672B-4130-9C7D-5DF35ABF9F6D}"
EndProject
Global
	GlobalSection(SolutionConfigurationPlatforms) = preSolution
		Debug|Any CPU = Debug|Any CPU
		Release|Any CPU = Release|Any CPU
	EndGlobalSection
	GlobalSection(ProjectConfigurationPlatforms) = postSolution
		{C14F83AE-672B-4130-9C7D-5DF35ABF9F6D}.Debug|Any CPU.ActiveCfg = Debug|Any CPU
		{C14F83AE-672B-4130-9C7D-5DF35ABF9F6D}.Debug|Any CPU.Build.0 = Debug|Any CPU
		{C14F83AE-672B-4130-9C7D-5DF35ABF9F6D}.Release|Any CPU.ActiveCfg = Release|Any CPU
		{C14F83AE-672B-4130-9C7D-5DF35ABF9F6D}.Release|Any CPU.Build.0 = Release|Any CPU
	EndGlobalSection
	GlobalSection(SolutionProperties) = preSolution
		HideSolutionNode = FALSE
	EndGlobalSection
	GlobalSection(ExtensibilityGlobals) = postSolution
		SolutionGuid = {48796B27-3C16-455F-89A4-325222044937}
	EndGlobalSection
EndGlobal
